
Microsoft Visual Studio Solution File, Format Version 12.00
# Visual Studio Version 17
VisualStudioVersion = 17.4.33403.182
MinimumVisualStudioVersion = 10.0.40219.1
Project("{FAE04EC0-301F-11D3-BF4B-00C04F79EFBC}") = "Lab1", "Lab1\Lab1.csproj", "{9CE97DEB-4541-48CA-85C7-DDBB10FEBDBB}"
EndProject
Global
	GlobalSection(SolutionConfigurationPlatforms) = preSolution
		Debug|Any CPU = Debug|Any CPU
		Release|Any CPU = Release|Any CPU
	EndGlobalSection
	GlobalSection(ProjectConfigurationPlatforms) = postSolution
		{9CE97DEB-4541-48CA-85C7-DDBB10FEBDBB}.Debug|Any CPU.ActiveCfg = Debug|Any CPU
		{9CE97DEB-4541-48CA-85C7-DDBB10FEBDBB}.Debug|Any CPU.Build.0 = Debug|Any CPU
		{9CE97DEB-4541-48CA-85C7-DDBB10FEBDBB}.Release|Any CPU.ActiveCfg = Release|Any CPU
		{9CE97DEB-4541-48CA-85C7-DDBB10FEBDBB}.Release|Any CPU.Build.0 = Release|Any CPU
	EndGlobalSection
	GlobalSection(SolutionProperties) = preSolution
		HideSolutionNode = FALSE
	EndGlobalSection
	GlobalSection(ExtensibilityGlobals) = postSolution
		SolutionGuid = {1D50A7D0-BD8E-49EA-8560-0CA29FDCD22C}
	EndGlobalSection
EndGlobal
